{"version":4,"terraform_version":"1.8.5","serial":11,"lineage":"d0ab7381-f44a-981b-c2da-27ff7764c44f","outputs":{"db_vm_ip":{"value":"192.168.122.141","type":"string"},"db_vm_network_interface":{"value":[{"addresses":["192.168.122.141"],"bridge":"","hostname":"","mac":"52:54:00:5E:39:41","macvtap":"","network_id":"f2b086ec-4e2c-42e6-a7a7-e6d1a2dd2e86","network_name":"default","passthrough":"","vepa":"","wait_for_lease":true}],"type":["list",["object",{"addresses":["list","string"],"bridge":"string","hostname":"string","mac":"string","macvtap":"string","network_id":"string","network_name":"string","passthrough":"string","vepa":"string","wait_for_lease":"bool"}]]},"web_vm_ip":{"value":"192.168.122.93","type":"string"},"web_vm_network_interface":{"value":[{"addresses":["192.168.122.93"],"bridge":"","hostname":"","mac":"52:54:00:16:28:24","macvtap":"","network_id":"f2b086ec-4e2c-42e6-a7a7-e6d1a2dd2e86","network_name":"default","passthrough":"","vepa":"","wait_for_lease":true}],"type":["list",["object",{"addresses":["list","string"],"bridge":"string","hostname":"string","mac":"string","macvtap":"string","network_id":"string","network_name":"string","passthrough":"string","vepa":"string","wait_for_lease":"bool"}]]}},"resources":[{"mode":"data","type":"template_file","name":"db_network-config","provider":"provider[\"registry.opentofu.org/hashicorp/template\"]","instances":[{"schema_version":0,"attributes":{"filename":null,"id":"13f49d84582e863d6721705bc6af19232ea004f5eb0a8a44d4218120c6264f36","rendered":"version: 2\nethernets:\n  ens3:\n    dhcp4: no\n      addresses: [192.168.1.246/24]\n      gateway4: 192.168.1.1\n      nameservers:\n         addresses: [192.168.1.1]\n","template":"version: 2\nethernets:\n  ens3:\n    dhcp4: no\n      addresses: [192.168.1.246/24]\n      gateway4: 192.168.1.1\n      nameservers:\n         addresses: [192.168.1.1]\n","vars":null},"sensitive_attributes":[]}]},{"mode":"data","type":"template_file","name":"db_user_data","provider":"provider[\"registry.opentofu.org/hashicorp/template\"]","instances":[{"schema_version":0,"attributes":{"filename":null,"id":"f496afc4c672aa5ed48a48f6784ffff6a864e95a68f7e294b46b31d595ffc16b","rendered":"#cloud-config\nssh_pwauth: true\nchpasswd:\n  list: |\n    root:password\n  expire: false\nusers:\n  - name: ubuntu\n    ssh_authorized_keys:\n      - ssh-rsa AAAAB3NzaC1yc2EAAAADAQABAAABgQC2zDKRBgNuHU1lAR0SqW3kUpOWjC3X3FDD9OoLIA1fSaQ8aXMsLYC7VtD1MNczV+IFSSrxHSLcdhk66FpLWwPUrFni3+qjfq9E8C4QzKsIOhodXVl+JVY8i4oRdRQPkcNVMQ78U4p6zTnK7VK6zShUnCK8CCiYxX73iS4MWm6YxGtbaaWUpycMva/SLBhK3Twb8rdIOGbJzG6Q+Dixj7OpbZkuZHbgib6aTUxri/wypNxXReirGNR8Zr/9yFQYdJavOJeC5ja8QnTtDMI7cUCUgR8N6GiLb2H+at7H1tmaqqQ7XY/Na4fMCOZSAMww0+0F9u+hPO5EpQmmXNyE9z2YC99jq6xTHPazgbnOQty7cLW75eJT/4LWAGkZf3Y5Wu8cWD3uld2JPzCOtDLhJfq/L1UVHpt0luT1YLwvPU2fXXkFpf7rG1aSg3SjsxEfMtDKf5GrglW/dJbb07Af3Er7BipvdZXb9mD4Hnce7CDdEdipyreOKkxlxi0h0Jzllxc= unedotamps@mylaptop\n    sudo: ALL=(ALL) NOPASSWD:ALL\n    groups: sudo\n    shell: /bin/bash\n    lock_passwd: false\n","template":"#cloud-config\nssh_pwauth: true\nchpasswd:\n  list: |\n    root:password\n  expire: false\nusers:\n  - name: ubuntu\n    ssh_authorized_keys:\n      - ssh-rsa AAAAB3NzaC1yc2EAAAADAQABAAABgQC2zDKRBgNuHU1lAR0SqW3kUpOWjC3X3FDD9OoLIA1fSaQ8aXMsLYC7VtD1MNczV+IFSSrxHSLcdhk66FpLWwPUrFni3+qjfq9E8C4QzKsIOhodXVl+JVY8i4oRdRQPkcNVMQ78U4p6zTnK7VK6zShUnCK8CCiYxX73iS4MWm6YxGtbaaWUpycMva/SLBhK3Twb8rdIOGbJzG6Q+Dixj7OpbZkuZHbgib6aTUxri/wypNxXReirGNR8Zr/9yFQYdJavOJeC5ja8QnTtDMI7cUCUgR8N6GiLb2H+at7H1tmaqqQ7XY/Na4fMCOZSAMww0+0F9u+hPO5EpQmmXNyE9z2YC99jq6xTHPazgbnOQty7cLW75eJT/4LWAGkZf3Y5Wu8cWD3uld2JPzCOtDLhJfq/L1UVHpt0luT1YLwvPU2fXXkFpf7rG1aSg3SjsxEfMtDKf5GrglW/dJbb07Af3Er7BipvdZXb9mD4Hnce7CDdEdipyreOKkxlxi0h0Jzllxc= unedotamps@mylaptop\n    sudo: ALL=(ALL) NOPASSWD:ALL\n    groups: sudo\n    shell: /bin/bash\n    lock_passwd: false\n","vars":null},"sensitive_attributes":[]}]},{"mode":"data","type":"template_file","name":"web_network-config","provider":"provider[\"registry.opentofu.org/hashicorp/template\"]","instances":[{"schema_version":0,"attributes":{"filename":null,"id":"bb0c910a2f555c967c130617da4f3d9000ac4d53350a46e6bf852cb566d67907","rendered":"version: 2\nethernets:\n  ens3:\n    dhcp4: no\n      addresses: [192.168.1.247/24]\n      gateway4: 192.168.1.1\n      nameservers:\n         addresses: [192.168.1.1]\n","template":"version: 2\nethernets:\n  ens3:\n    dhcp4: no\n      addresses: [192.168.1.247/24]\n      gateway4: 192.168.1.1\n      nameservers:\n         addresses: [192.168.1.1]\n","vars":null},"sensitive_attributes":[]}]},{"mode":"data","type":"template_file","name":"web_user_data","provider":"provider[\"registry.opentofu.org/hashicorp/template\"]","instances":[{"schema_version":0,"attributes":{"filename":null,"id":"f496afc4c672aa5ed48a48f6784ffff6a864e95a68f7e294b46b31d595ffc16b","rendered":"#cloud-config\nssh_pwauth: true\nchpasswd:\n  list: |\n    root:password\n  expire: false\nusers:\n  - name: ubuntu\n    ssh_authorized_keys:\n      - ssh-rsa AAAAB3NzaC1yc2EAAAADAQABAAABgQC2zDKRBgNuHU1lAR0SqW3kUpOWjC3X3FDD9OoLIA1fSaQ8aXMsLYC7VtD1MNczV+IFSSrxHSLcdhk66FpLWwPUrFni3+qjfq9E8C4QzKsIOhodXVl+JVY8i4oRdRQPkcNVMQ78U4p6zTnK7VK6zShUnCK8CCiYxX73iS4MWm6YxGtbaaWUpycMva/SLBhK3Twb8rdIOGbJzG6Q+Dixj7OpbZkuZHbgib6aTUxri/wypNxXReirGNR8Zr/9yFQYdJavOJeC5ja8QnTtDMI7cUCUgR8N6GiLb2H+at7H1tmaqqQ7XY/Na4fMCOZSAMww0+0F9u+hPO5EpQmmXNyE9z2YC99jq6xTHPazgbnOQty7cLW75eJT/4LWAGkZf3Y5Wu8cWD3uld2JPzCOtDLhJfq/L1UVHpt0luT1YLwvPU2fXXkFpf7rG1aSg3SjsxEfMtDKf5GrglW/dJbb07Af3Er7BipvdZXb9mD4Hnce7CDdEdipyreOKkxlxi0h0Jzllxc= unedotamps@mylaptop\n    sudo: ALL=(ALL) NOPASSWD:ALL\n    groups: sudo\n    shell: /bin/bash\n    lock_passwd: false\n","template":"#cloud-config\nssh_pwauth: true\nchpasswd:\n  list: |\n    root:password\n  expire: false\nusers:\n  - name: ubuntu\n    ssh_authorized_keys:\n      - ssh-rsa AAAAB3NzaC1yc2EAAAADAQABAAABgQC2zDKRBgNuHU1lAR0SqW3kUpOWjC3X3FDD9OoLIA1fSaQ8aXMsLYC7VtD1MNczV+IFSSrxHSLcdhk66FpLWwPUrFni3+qjfq9E8C4QzKsIOhodXVl+JVY8i4oRdRQPkcNVMQ78U4p6zTnK7VK6zShUnCK8CCiYxX73iS4MWm6YxGtbaaWUpycMva/SLBhK3Twb8rdIOGbJzG6Q+Dixj7OpbZkuZHbgib6aTUxri/wypNxXReirGNR8Zr/9yFQYdJavOJeC5ja8QnTtDMI7cUCUgR8N6GiLb2H+at7H1tmaqqQ7XY/Na4fMCOZSAMww0+0F9u+hPO5EpQmmXNyE9z2YC99jq6xTHPazgbnOQty7cLW75eJT/4LWAGkZf3Y5Wu8cWD3uld2JPzCOtDLhJfq/L1UVHpt0luT1YLwvPU2fXXkFpf7rG1aSg3SjsxEfMtDKf5GrglW/dJbb07Af3Er7BipvdZXb9mD4Hnce7CDdEdipyreOKkxlxi0h0Jzllxc= unedotamps@mylaptop\n    sudo: ALL=(ALL) NOPASSWD:ALL\n    groups: sudo\n    shell: /bin/bash\n    lock_passwd: false\n","vars":null},"sensitive_attributes":[]}]},{"mode":"managed","type":"libvirt_cloudinit_disk","name":"db_cloud_init","provider":"provider[\"registry.opentofu.org/dmacvicar/libvirt\"]","instances":[{"schema_version":0,"attributes":{"id":"/var/lib/libvirt/images/db_cloudinit.iso;6adf1cd7-353e-4cab-89b8-09c8da1bae62","meta_data":"","name":"db_cloudinit.iso","network_config":"version: 2\nethernets:\n  ens3:\n    dhcp4: no\n      addresses: [192.168.1.246/24]\n      gateway4: 192.168.1.1\n      nameservers:\n         addresses: [192.168.1.1]\n","pool":"default","user_data":"#cloud-config\nssh_pwauth: true\nchpasswd:\n  list: |\n    root:password\n  expire: false\nusers:\n  - name: ubuntu\n    ssh_authorized_keys:\n      - ssh-rsa AAAAB3NzaC1yc2EAAAADAQABAAABgQC2zDKRBgNuHU1lAR0SqW3kUpOWjC3X3FDD9OoLIA1fSaQ8aXMsLYC7VtD1MNczV+IFSSrxHSLcdhk66FpLWwPUrFni3+qjfq9E8C4QzKsIOhodXVl+JVY8i4oRdRQPkcNVMQ78U4p6zTnK7VK6zShUnCK8CCiYxX73iS4MWm6YxGtbaaWUpycMva/SLBhK3Twb8rdIOGbJzG6Q+Dixj7OpbZkuZHbgib6aTUxri/wypNxXReirGNR8Zr/9yFQYdJavOJeC5ja8QnTtDMI7cUCUgR8N6GiLb2H+at7H1tmaqqQ7XY/Na4fMCOZSAMww0+0F9u+hPO5EpQmmXNyE9z2YC99jq6xTHPazgbnOQty7cLW75eJT/4LWAGkZf3Y5Wu8cWD3uld2JPzCOtDLhJfq/L1UVHpt0luT1YLwvPU2fXXkFpf7rG1aSg3SjsxEfMtDKf5GrglW/dJbb07Af3Er7BipvdZXb9mD4Hnce7CDdEdipyreOKkxlxi0h0Jzllxc= unedotamps@mylaptop\n    sudo: ALL=(ALL) NOPASSWD:ALL\n    groups: sudo\n    shell: /bin/bash\n    lock_passwd: false\n"},"sensitive_attributes":[],"private":"bnVsbA==","dependencies":["data.template_file.db_network-config","data.template_file.db_user_data"]}]},{"mode":"managed","type":"libvirt_cloudinit_disk","name":"web_cloud_init","provider":"provider[\"registry.opentofu.org/dmacvicar/libvirt\"]","instances":[{"schema_version":0,"attributes":{"id":"/var/lib/libvirt/images/web_cloudinit.iso;e8a7a1de-df3d-4416-a7da-030266c4c3c5","meta_data":"","name":"web_cloudinit.iso","network_config":"version: 2\nethernets:\n  ens3:\n    dhcp4: no\n      addresses: [192.168.1.247/24]\n      gateway4: 192.168.1.1\n      nameservers:\n         addresses: [192.168.1.1]\n","pool":"default","user_data":"#cloud-config\nssh_pwauth: true\nchpasswd:\n  list: |\n    root:password\n  expire: false\nusers:\n  - name: ubuntu\n    ssh_authorized_keys:\n      - ssh-rsa AAAAB3NzaC1yc2EAAAADAQABAAABgQC2zDKRBgNuHU1lAR0SqW3kUpOWjC3X3FDD9OoLIA1fSaQ8aXMsLYC7VtD1MNczV+IFSSrxHSLcdhk66FpLWwPUrFni3+qjfq9E8C4QzKsIOhodXVl+JVY8i4oRdRQPkcNVMQ78U4p6zTnK7VK6zShUnCK8CCiYxX73iS4MWm6YxGtbaaWUpycMva/SLBhK3Twb8rdIOGbJzG6Q+Dixj7OpbZkuZHbgib6aTUxri/wypNxXReirGNR8Zr/9yFQYdJavOJeC5ja8QnTtDMI7cUCUgR8N6GiLb2H+at7H1tmaqqQ7XY/Na4fMCOZSAMww0+0F9u+hPO5EpQmmXNyE9z2YC99jq6xTHPazgbnOQty7cLW75eJT/4LWAGkZf3Y5Wu8cWD3uld2JPzCOtDLhJfq/L1UVHpt0luT1YLwvPU2fXXkFpf7rG1aSg3SjsxEfMtDKf5GrglW/dJbb07Af3Er7BipvdZXb9mD4Hnce7CDdEdipyreOKkxlxi0h0Jzllxc= unedotamps@mylaptop\n    sudo: ALL=(ALL) NOPASSWD:ALL\n    groups: sudo\n    shell: /bin/bash\n    lock_passwd: false\n"},"sensitive_attributes":[],"private":"bnVsbA==","dependencies":["data.template_file.web_network-config","data.template_file.web_user_data"]}]},{"mode":"managed","type":"libvirt_domain","name":"db_vm","provider":"provider[\"registry.opentofu.org/dmacvicar/libvirt\"]","instances":[{"schema_version":0,"attributes":{"arch":"x86_64","autostart":false,"boot_device":[],"cloudinit":"/var/lib/libvirt/images/db_cloudinit.iso;6adf1cd7-353e-4cab-89b8-09c8da1bae62","cmdline":null,"console":[{"source_host":"127.0.0.1","source_path":"","source_service":"0","target_port":"0","target_type":"serial","type":"pty"}],"coreos_ignition":null,"cpu":[{"mode":"custom"}],"description":"","disk":[{"block_device":"","file":"","scsi":false,"url":"","volume_id":"/var/lib/libvirt/images/db_disk_vm.qcow2","wwn":""}],"emulator":"/usr/bin/qemu-system-x86_64","filesystem":[],"firmware":null,"fw_cfg_name":"opt/com.coreos/config","graphics":[],"id":"b0280c1b-2633-4497-83bf-ef6b45e6de6a","initrd":"","kernel":"","machine":"pc","memory":1024,"metadata":null,"name":"db_vm10","network_interface":[{"addresses":["192.168.122.141"],"bridge":"","hostname":"","mac":"52:54:00:5E:39:41","macvtap":"","network_id":"f2b086ec-4e2c-42e6-a7a7-e6d1a2dd2e86","network_name":"default","passthrough":"","vepa":"","wait_for_lease":true}],"nvram":null,"qemu_agent":false,"running":true,"timeouts":null,"tpm":[],"type":"kvm","vcpu":1,"video":[],"xml":[]},"sensitive_attributes":[],"private":"eyJlMmJmYjczMC1lY2FhLTExZTYtOGY4OC0zNDM2M2JjN2M0YzAiOnsiY3JlYXRlIjozMDAwMDAwMDAwMDB9fQ==","dependencies":["data.template_file.db_network-config","data.template_file.db_user_data","libvirt_cloudinit_disk.db_cloud_init","libvirt_volume.db_vm_disk"]}]},{"mode":"managed","type":"libvirt_domain","name":"web_vm","provider":"provider[\"registry.opentofu.org/dmacvicar/libvirt\"]","instances":[{"schema_version":0,"attributes":{"arch":"x86_64","autostart":false,"boot_device":[],"cloudinit":"/var/lib/libvirt/images/web_cloudinit.iso;e8a7a1de-df3d-4416-a7da-030266c4c3c5","cmdline":null,"console":[{"source_host":"127.0.0.1","source_path":"","source_service":"0","target_port":"0","target_type":"serial","type":"pty"}],"coreos_ignition":null,"cpu":[{"mode":"custom"}],"description":"","disk":[{"block_device":"","file":"","scsi":false,"url":"","volume_id":"/var/lib/libvirt/images/web_disk_vm.qcow2","wwn":""}],"emulator":"/usr/bin/qemu-system-x86_64","filesystem":[],"firmware":null,"fw_cfg_name":"opt/com.coreos/config","graphics":[],"id":"d57f3d2d-6975-4a9e-94ab-06139c4e9b38","initrd":"","kernel":"","machine":"pc","memory":1024,"metadata":null,"name":"web_vm1","network_interface":[{"addresses":["192.168.122.93"],"bridge":"","hostname":"","mac":"52:54:00:16:28:24","macvtap":"","network_id":"f2b086ec-4e2c-42e6-a7a7-e6d1a2dd2e86","network_name":"default","passthrough":"","vepa":"","wait_for_lease":true}],"nvram":null,"qemu_agent":false,"running":true,"timeouts":null,"tpm":[],"type":"kvm","vcpu":1,"video":[],"xml":[]},"sensitive_attributes":[],"private":"eyJlMmJmYjczMC1lY2FhLTExZTYtOGY4OC0zNDM2M2JjN2M0YzAiOnsiY3JlYXRlIjozMDAwMDAwMDAwMDB9fQ==","dependencies":["data.template_file.web_network-config","data.template_file.web_user_data","libvirt_cloudinit_disk.web_cloud_init","libvirt_volume.web_vm_disk"]}]},{"mode":"managed","type":"libvirt_volume","name":"db_vm_disk","provider":"provider[\"registry.opentofu.org/dmacvicar/libvirt\"]","instances":[{"schema_version":0,"attributes":{"base_volume_id":null,"base_volume_name":null,"base_volume_pool":null,"format":"qcow2","id":"/var/lib/libvirt/images/db_disk_vm.qcow2","name":"db_disk_vm.qcow2","pool":"default","size":2361393152,"source":"./image/base-image.qcow2","xml":[]},"sensitive_attributes":[],"private":"bnVsbA=="}]},{"mode":"managed","type":"libvirt_volume","name":"web_vm_disk","provider":"provider[\"registry.opentofu.org/dmacvicar/libvirt\"]","instances":[{"schema_version":0,"attributes":{"base_volume_id":null,"base_volume_name":null,"base_volume_pool":null,"format":"qcow2","id":"/var/lib/libvirt/images/web_disk_vm.qcow2","name":"web_disk_vm.qcow2","pool":"default","size":2361393152,"source":"./image/base-image.qcow2","xml":[]},"sensitive_attributes":[],"private":"bnVsbA=="}]}],"check_results":null}
