{"version":4,"terraform_version":"1.8.5","serial":94,"lineage":"d0ab7381-f44a-981b-c2da-27ff7764c44f","outputs":{"db_vm_network_interface":{"value":[{"addresses":["192.168.158.119"],"bridge":"","hostname":"","mac":"52:54:00:36:6C:DE","macvtap":"","network_id":"d1c8567a-fb7c-4583-8fc2-af6771e97869","network_name":"custom-net","passthrough":"","vepa":"","wait_for_lease":true}],"type":["list",["object",{"addresses":["list","string"],"bridge":"string","hostname":"string","mac":"string","macvtap":"string","network_id":"string","network_name":"string","passthrough":"string","vepa":"string","wait_for_lease":"bool"}]]},"web_vm_network_interface":{"value":[{"addresses":["192.168.158.155"],"bridge":"","hostname":"","mac":"52:54:00:7A:C9:82","macvtap":"","network_id":"d1c8567a-fb7c-4583-8fc2-af6771e97869","network_name":"custom-net","passthrough":"","vepa":"","wait_for_lease":true}],"type":["list",["object",{"addresses":["list","string"],"bridge":"string","hostname":"string","mac":"string","macvtap":"string","network_id":"string","network_name":"string","passthrough":"string","vepa":"string","wait_for_lease":"bool"}]]}},"resources":[{"mode":"data","type":"template_file","name":"db_network-config","provider":"provider[\"registry.opentofu.org/hashicorp/template\"]","instances":[{"schema_version":0,"attributes":{"filename":null,"id":"b36a1372ce4ea68b514354202c26c0365df9a17f25cd5acdeeaea525cd913edc","rendered":"version: 2\nethernets:\n  ens3:\n    dhcp4: true\n","template":"version: 2\nethernets:\n  ens3:\n    dhcp4: true\n","vars":null},"sensitive_attributes":[]}]},{"mode":"data","type":"template_file","name":"db_user_data","provider":"provider[\"registry.opentofu.org/hashicorp/template\"]","instances":[{"schema_version":0,"attributes":{"filename":null,"id":"f496afc4c672aa5ed48a48f6784ffff6a864e95a68f7e294b46b31d595ffc16b","rendered":"#cloud-config\nssh_pwauth: true\nchpasswd:\n  list: |\n    root:password\n  expire: false\nusers:\n  - name: ubuntu\n    ssh_authorized_keys:\n      - ssh-rsa AAAAB3NzaC1yc2EAAAADAQABAAABgQC2zDKRBgNuHU1lAR0SqW3kUpOWjC3X3FDD9OoLIA1fSaQ8aXMsLYC7VtD1MNczV+IFSSrxHSLcdhk66FpLWwPUrFni3+qjfq9E8C4QzKsIOhodXVl+JVY8i4oRdRQPkcNVMQ78U4p6zTnK7VK6zShUnCK8CCiYxX73iS4MWm6YxGtbaaWUpycMva/SLBhK3Twb8rdIOGbJzG6Q+Dixj7OpbZkuZHbgib6aTUxri/wypNxXReirGNR8Zr/9yFQYdJavOJeC5ja8QnTtDMI7cUCUgR8N6GiLb2H+at7H1tmaqqQ7XY/Na4fMCOZSAMww0+0F9u+hPO5EpQmmXNyE9z2YC99jq6xTHPazgbnOQty7cLW75eJT/4LWAGkZf3Y5Wu8cWD3uld2JPzCOtDLhJfq/L1UVHpt0luT1YLwvPU2fXXkFpf7rG1aSg3SjsxEfMtDKf5GrglW/dJbb07Af3Er7BipvdZXb9mD4Hnce7CDdEdipyreOKkxlxi0h0Jzllxc= unedotamps@mylaptop\n    sudo: ALL=(ALL) NOPASSWD:ALL\n    groups: sudo\n    shell: /bin/bash\n    lock_passwd: false\n","template":"#cloud-config\nssh_pwauth: true\nchpasswd:\n  list: |\n    root:password\n  expire: false\nusers:\n  - name: ubuntu\n    ssh_authorized_keys:\n      - ssh-rsa AAAAB3NzaC1yc2EAAAADAQABAAABgQC2zDKRBgNuHU1lAR0SqW3kUpOWjC3X3FDD9OoLIA1fSaQ8aXMsLYC7VtD1MNczV+IFSSrxHSLcdhk66FpLWwPUrFni3+qjfq9E8C4QzKsIOhodXVl+JVY8i4oRdRQPkcNVMQ78U4p6zTnK7VK6zShUnCK8CCiYxX73iS4MWm6YxGtbaaWUpycMva/SLBhK3Twb8rdIOGbJzG6Q+Dixj7OpbZkuZHbgib6aTUxri/wypNxXReirGNR8Zr/9yFQYdJavOJeC5ja8QnTtDMI7cUCUgR8N6GiLb2H+at7H1tmaqqQ7XY/Na4fMCOZSAMww0+0F9u+hPO5EpQmmXNyE9z2YC99jq6xTHPazgbnOQty7cLW75eJT/4LWAGkZf3Y5Wu8cWD3uld2JPzCOtDLhJfq/L1UVHpt0luT1YLwvPU2fXXkFpf7rG1aSg3SjsxEfMtDKf5GrglW/dJbb07Af3Er7BipvdZXb9mD4Hnce7CDdEdipyreOKkxlxi0h0Jzllxc= unedotamps@mylaptop\n    sudo: ALL=(ALL) NOPASSWD:ALL\n    groups: sudo\n    shell: /bin/bash\n    lock_passwd: false\n","vars":null},"sensitive_attributes":[]}]},{"mode":"data","type":"template_file","name":"web_network-config","provider":"provider[\"registry.opentofu.org/hashicorp/template\"]","instances":[{"schema_version":0,"attributes":{"filename":null,"id":"b36a1372ce4ea68b514354202c26c0365df9a17f25cd5acdeeaea525cd913edc","rendered":"version: 2\nethernets:\n  ens3:\n    dhcp4: true\n","template":"version: 2\nethernets:\n  ens3:\n    dhcp4: true\n","vars":null},"sensitive_attributes":[]}]},{"mode":"data","type":"template_file","name":"web_user_data","provider":"provider[\"registry.opentofu.org/hashicorp/template\"]","instances":[{"schema_version":0,"attributes":{"filename":null,"id":"f496afc4c672aa5ed48a48f6784ffff6a864e95a68f7e294b46b31d595ffc16b","rendered":"#cloud-config\nssh_pwauth: true\nchpasswd:\n  list: |\n    root:password\n  expire: false\nusers:\n  - name: ubuntu\n    ssh_authorized_keys:\n      - ssh-rsa AAAAB3NzaC1yc2EAAAADAQABAAABgQC2zDKRBgNuHU1lAR0SqW3kUpOWjC3X3FDD9OoLIA1fSaQ8aXMsLYC7VtD1MNczV+IFSSrxHSLcdhk66FpLWwPUrFni3+qjfq9E8C4QzKsIOhodXVl+JVY8i4oRdRQPkcNVMQ78U4p6zTnK7VK6zShUnCK8CCiYxX73iS4MWm6YxGtbaaWUpycMva/SLBhK3Twb8rdIOGbJzG6Q+Dixj7OpbZkuZHbgib6aTUxri/wypNxXReirGNR8Zr/9yFQYdJavOJeC5ja8QnTtDMI7cUCUgR8N6GiLb2H+at7H1tmaqqQ7XY/Na4fMCOZSAMww0+0F9u+hPO5EpQmmXNyE9z2YC99jq6xTHPazgbnOQty7cLW75eJT/4LWAGkZf3Y5Wu8cWD3uld2JPzCOtDLhJfq/L1UVHpt0luT1YLwvPU2fXXkFpf7rG1aSg3SjsxEfMtDKf5GrglW/dJbb07Af3Er7BipvdZXb9mD4Hnce7CDdEdipyreOKkxlxi0h0Jzllxc= unedotamps@mylaptop\n    sudo: ALL=(ALL) NOPASSWD:ALL\n    groups: sudo\n    shell: /bin/bash\n    lock_passwd: false\n","template":"#cloud-config\nssh_pwauth: true\nchpasswd:\n  list: |\n    root:password\n  expire: false\nusers:\n  - name: ubuntu\n    ssh_authorized_keys:\n      - ssh-rsa AAAAB3NzaC1yc2EAAAADAQABAAABgQC2zDKRBgNuHU1lAR0SqW3kUpOWjC3X3FDD9OoLIA1fSaQ8aXMsLYC7VtD1MNczV+IFSSrxHSLcdhk66FpLWwPUrFni3+qjfq9E8C4QzKsIOhodXVl+JVY8i4oRdRQPkcNVMQ78U4p6zTnK7VK6zShUnCK8CCiYxX73iS4MWm6YxGtbaaWUpycMva/SLBhK3Twb8rdIOGbJzG6Q+Dixj7OpbZkuZHbgib6aTUxri/wypNxXReirGNR8Zr/9yFQYdJavOJeC5ja8QnTtDMI7cUCUgR8N6GiLb2H+at7H1tmaqqQ7XY/Na4fMCOZSAMww0+0F9u+hPO5EpQmmXNyE9z2YC99jq6xTHPazgbnOQty7cLW75eJT/4LWAGkZf3Y5Wu8cWD3uld2JPzCOtDLhJfq/L1UVHpt0luT1YLwvPU2fXXkFpf7rG1aSg3SjsxEfMtDKf5GrglW/dJbb07Af3Er7BipvdZXb9mD4Hnce7CDdEdipyreOKkxlxi0h0Jzllxc= unedotamps@mylaptop\n    sudo: ALL=(ALL) NOPASSWD:ALL\n    groups: sudo\n    shell: /bin/bash\n    lock_passwd: false\n","vars":null},"sensitive_attributes":[]}]},{"mode":"managed","type":"libvirt_cloudinit_disk","name":"db_cloud_init","provider":"provider[\"registry.opentofu.org/dmacvicar/libvirt\"]","instances":[{"schema_version":0,"attributes":{"id":"/var/lib/libvirt/images/db_cloudinit.iso;6b71a1e1-64e7-41bc-b8bd-23cf7dd4b2e8","meta_data":"","name":"db_cloudinit.iso","network_config":"version: 2\nethernets:\n  ens3:\n    dhcp4: true\n","pool":"default","user_data":"#cloud-config\nssh_pwauth: true\nchpasswd:\n  list: |\n    root:password\n  expire: false\nusers:\n  - name: ubuntu\n    ssh_authorized_keys:\n      - ssh-rsa AAAAB3NzaC1yc2EAAAADAQABAAABgQC2zDKRBgNuHU1lAR0SqW3kUpOWjC3X3FDD9OoLIA1fSaQ8aXMsLYC7VtD1MNczV+IFSSrxHSLcdhk66FpLWwPUrFni3+qjfq9E8C4QzKsIOhodXVl+JVY8i4oRdRQPkcNVMQ78U4p6zTnK7VK6zShUnCK8CCiYxX73iS4MWm6YxGtbaaWUpycMva/SLBhK3Twb8rdIOGbJzG6Q+Dixj7OpbZkuZHbgib6aTUxri/wypNxXReirGNR8Zr/9yFQYdJavOJeC5ja8QnTtDMI7cUCUgR8N6GiLb2H+at7H1tmaqqQ7XY/Na4fMCOZSAMww0+0F9u+hPO5EpQmmXNyE9z2YC99jq6xTHPazgbnOQty7cLW75eJT/4LWAGkZf3Y5Wu8cWD3uld2JPzCOtDLhJfq/L1UVHpt0luT1YLwvPU2fXXkFpf7rG1aSg3SjsxEfMtDKf5GrglW/dJbb07Af3Er7BipvdZXb9mD4Hnce7CDdEdipyreOKkxlxi0h0Jzllxc= unedotamps@mylaptop\n    sudo: ALL=(ALL) NOPASSWD:ALL\n    groups: sudo\n    shell: /bin/bash\n    lock_passwd: false\n"},"sensitive_attributes":[],"private":"bnVsbA==","dependencies":["data.template_file.db_network-config","data.template_file.db_user_data"]}]},{"mode":"managed","type":"libvirt_cloudinit_disk","name":"web_cloud_init","provider":"provider[\"registry.opentofu.org/dmacvicar/libvirt\"]","instances":[{"schema_version":0,"attributes":{"id":"/var/lib/libvirt/images/web_cloudinit.iso;81e9eed2-d532-4223-a7aa-f56c2d6ab208","meta_data":"","name":"web_cloudinit.iso","network_config":"version: 2\nethernets:\n  ens3:\n    dhcp4: true\n","pool":"default","user_data":"#cloud-config\nssh_pwauth: true\nchpasswd:\n  list: |\n    root:password\n  expire: false\nusers:\n  - name: ubuntu\n    ssh_authorized_keys:\n      - ssh-rsa AAAAB3NzaC1yc2EAAAADAQABAAABgQC2zDKRBgNuHU1lAR0SqW3kUpOWjC3X3FDD9OoLIA1fSaQ8aXMsLYC7VtD1MNczV+IFSSrxHSLcdhk66FpLWwPUrFni3+qjfq9E8C4QzKsIOhodXVl+JVY8i4oRdRQPkcNVMQ78U4p6zTnK7VK6zShUnCK8CCiYxX73iS4MWm6YxGtbaaWUpycMva/SLBhK3Twb8rdIOGbJzG6Q+Dixj7OpbZkuZHbgib6aTUxri/wypNxXReirGNR8Zr/9yFQYdJavOJeC5ja8QnTtDMI7cUCUgR8N6GiLb2H+at7H1tmaqqQ7XY/Na4fMCOZSAMww0+0F9u+hPO5EpQmmXNyE9z2YC99jq6xTHPazgbnOQty7cLW75eJT/4LWAGkZf3Y5Wu8cWD3uld2JPzCOtDLhJfq/L1UVHpt0luT1YLwvPU2fXXkFpf7rG1aSg3SjsxEfMtDKf5GrglW/dJbb07Af3Er7BipvdZXb9mD4Hnce7CDdEdipyreOKkxlxi0h0Jzllxc= unedotamps@mylaptop\n    sudo: ALL=(ALL) NOPASSWD:ALL\n    groups: sudo\n    shell: /bin/bash\n    lock_passwd: false\n"},"sensitive_attributes":[],"private":"bnVsbA==","dependencies":["data.template_file.web_network-config","data.template_file.web_user_data"]}]},{"mode":"managed","type":"libvirt_domain","name":"db_vm","provider":"provider[\"registry.opentofu.org/dmacvicar/libvirt\"]","instances":[{"schema_version":0,"attributes":{"arch":"x86_64","autostart":false,"boot_device":[],"cloudinit":"/var/lib/libvirt/images/db_cloudinit.iso;6b71a1e1-64e7-41bc-b8bd-23cf7dd4b2e8","cmdline":null,"console":[{"source_host":"127.0.0.1","source_path":"","source_service":"0","target_port":"0","target_type":"serial","type":"pty"}],"coreos_ignition":null,"cpu":[{"mode":"custom"}],"description":"","disk":[{"block_device":"","file":"","scsi":false,"url":"","volume_id":"/var/lib/libvirt/images/db_disk_vm.qcow2","wwn":""}],"emulator":"/usr/bin/qemu-system-x86_64","filesystem":[],"firmware":null,"fw_cfg_name":"opt/com.coreos/config","graphics":[],"id":"093c9684-8430-4c4a-8cf1-7024c6d58ee2","initrd":"","kernel":"","machine":"pc","memory":5120,"metadata":null,"name":"db_vm0","network_interface":[{"addresses":["192.168.158.119"],"bridge":"","hostname":"","mac":"52:54:00:36:6C:DE","macvtap":"","network_id":"d1c8567a-fb7c-4583-8fc2-af6771e97869","network_name":"custom-net","passthrough":"","vepa":"","wait_for_lease":true}],"nvram":null,"qemu_agent":false,"running":true,"timeouts":null,"tpm":[],"type":"kvm","vcpu":1,"video":[],"xml":[]},"sensitive_attributes":[],"private":"eyJlMmJmYjczMC1lY2FhLTExZTYtOGY4OC0zNDM2M2JjN2M0YzAiOnsiY3JlYXRlIjozMDAwMDAwMDAwMDB9fQ==","dependencies":["data.template_file.db_network-config","data.template_file.db_user_data","libvirt_cloudinit_disk.db_cloud_init","libvirt_volume.db_vm_disk"]}]},{"mode":"managed","type":"libvirt_domain","name":"web_vm","provider":"provider[\"registry.opentofu.org/dmacvicar/libvirt\"]","instances":[{"schema_version":0,"attributes":{"arch":"x86_64","autostart":false,"boot_device":[],"cloudinit":"/var/lib/libvirt/images/web_cloudinit.iso;81e9eed2-d532-4223-a7aa-f56c2d6ab208","cmdline":null,"console":[{"source_host":"127.0.0.1","source_path":"","source_service":"0","target_port":"0","target_type":"serial","type":"pty"}],"coreos_ignition":null,"cpu":[{"mode":"custom"}],"description":"","disk":[{"block_device":"","file":"","scsi":false,"url":"","volume_id":"/var/lib/libvirt/images/web_disk_vm.qcow2","wwn":""}],"emulator":"/usr/bin/qemu-system-x86_64","filesystem":[],"firmware":null,"fw_cfg_name":"opt/com.coreos/config","graphics":[],"id":"6caa0b95-0f5a-42a9-96f5-ec79013a1c39","initrd":"","kernel":"","machine":"pc","memory":2048,"metadata":null,"name":"web_vm0","network_interface":[{"addresses":["192.168.158.155"],"bridge":"","hostname":"","mac":"52:54:00:7A:C9:82","macvtap":"","network_id":"d1c8567a-fb7c-4583-8fc2-af6771e97869","network_name":"custom-net","passthrough":"","vepa":"","wait_for_lease":true}],"nvram":null,"qemu_agent":false,"running":true,"timeouts":null,"tpm":[],"type":"kvm","vcpu":1,"video":[],"xml":[]},"sensitive_attributes":[],"private":"eyJlMmJmYjczMC1lY2FhLTExZTYtOGY4OC0zNDM2M2JjN2M0YzAiOnsiY3JlYXRlIjozMDAwMDAwMDAwMDB9fQ==","dependencies":["data.template_file.web_network-config","data.template_file.web_user_data","libvirt_cloudinit_disk.web_cloud_init","libvirt_volume.web_vm_disk"]}]},{"mode":"managed","type":"libvirt_volume","name":"db_vm_disk","provider":"provider[\"registry.opentofu.org/dmacvicar/libvirt\"]","instances":[{"schema_version":0,"attributes":{"base_volume_id":null,"base_volume_name":null,"base_volume_pool":null,"format":"qcow2","id":"/var/lib/libvirt/images/db_disk_vm.qcow2","name":"db_disk_vm.qcow2","pool":"default","size":2361393152,"source":"./image/base-image.qcow2","xml":[]},"sensitive_attributes":[],"private":"bnVsbA=="}]},{"mode":"managed","type":"libvirt_volume","name":"web_vm_disk","provider":"provider[\"registry.opentofu.org/dmacvicar/libvirt\"]","instances":[{"schema_version":0,"attributes":{"base_volume_id":null,"base_volume_name":null,"base_volume_pool":null,"format":"qcow2","id":"/var/lib/libvirt/images/web_disk_vm.qcow2","name":"web_disk_vm.qcow2","pool":"default","size":2361393152,"source":"./image/base-image.qcow2","xml":[]},"sensitive_attributes":[],"private":"bnVsbA=="}]}],"check_results":null}
