{"version":4,"terraform_version":"1.8.5","serial":8,"lineage":"d0ab7381-f44a-981b-c2da-27ff7764c44f","outputs":{"vm_network_interface":{"value":[{"addresses":["192.168.122.135"],"bridge":"","hostname":"","mac":"52:54:00:56:6A:A4","macvtap":"","network_id":"f2b086ec-4e2c-42e6-a7a7-e6d1a2dd2e86","network_name":"default","passthrough":"","vepa":"","wait_for_lease":true}],"type":["list",["object",{"addresses":["list","string"],"bridge":"string","hostname":"string","mac":"string","macvtap":"string","network_id":"string","network_name":"string","passthrough":"string","vepa":"string","wait_for_lease":"bool"}]]}},"resources":[{"mode":"data","type":"template_file","name":"network-config","provider":"provider[\"registry.opentofu.org/hashicorp/template\"]","instances":[{"schema_version":0,"attributes":{"filename":null,"id":"b36a1372ce4ea68b514354202c26c0365df9a17f25cd5acdeeaea525cd913edc","rendered":"version: 2\nethernets:\n  ens3:\n    dhcp4: true\n","template":"version: 2\nethernets:\n  ens3:\n    dhcp4: true\n","vars":null},"sensitive_attributes":[]}]},{"mode":"data","type":"template_file","name":"user_data","provider":"provider[\"registry.opentofu.org/hashicorp/template\"]","instances":[{"schema_version":0,"attributes":{"filename":null,"id":"8695caa5f77fb621ca28ffbd0f77cd27331895667f572a52d32ee0f44656ce84","rendered":"#cloud-config\nssh_pwauth: true\nchpasswd:\n  list: |\n    root:linux\n    ubuntu:pass\n  expire: false\nusers:\n  - name: ubuntu\n    ssh_authorized_keys:\n      - ssh-rsa AAAAB3NzaC1yc2EAAAADAQABAAABgQC2zDKRBgNuHU1lAR0SqW3kUpOWjC3X3FDD9OoLIA1fSaQ8aXMsLYC7VtD1MNczV+IFSSrxHSLcdhk66FpLWwPUrFni3+qjfq9E8C4QzKsIOhodXVl+JVY8i4oRdRQPkcNVMQ78U4p6zTnK7VK6zShUnCK8CCiYxX73iS4MWm6YxGtbaaWUpycMva/SLBhK3Twb8rdIOGbJzG6Q+Dixj7OpbZkuZHbgib6aTUxri/wypNxXReirGNR8Zr/9yFQYdJavOJeC5ja8QnTtDMI7cUCUgR8N6GiLb2H+at7H1tmaqqQ7XY/Na4fMCOZSAMww0+0F9u+hPO5EpQmmXNyE9z2YC99jq6xTHPazgbnOQty7cLW75eJT/4LWAGkZf3Y5Wu8cWD3uld2JPzCOtDLhJfq/L1UVHpt0luT1YLwvPU2fXXkFpf7rG1aSg3SjsxEfMtDKf5GrglW/dJbb07Af3Er7BipvdZXb9mD4Hnce7CDdEdipyreOKkxlxi0h0Jzllxc= unedotamps@mylaptop\n    sudo: ALL=(ALL) NOPASSWD:ALL\n    groups: sudo\n    shell: /bin/bash\n    lock_passwd: false\n","template":"#cloud-config\nssh_pwauth: true\nchpasswd:\n  list: |\n    root:linux\n    ubuntu:pass\n  expire: false\nusers:\n  - name: ubuntu\n    ssh_authorized_keys:\n      - ssh-rsa AAAAB3NzaC1yc2EAAAADAQABAAABgQC2zDKRBgNuHU1lAR0SqW3kUpOWjC3X3FDD9OoLIA1fSaQ8aXMsLYC7VtD1MNczV+IFSSrxHSLcdhk66FpLWwPUrFni3+qjfq9E8C4QzKsIOhodXVl+JVY8i4oRdRQPkcNVMQ78U4p6zTnK7VK6zShUnCK8CCiYxX73iS4MWm6YxGtbaaWUpycMva/SLBhK3Twb8rdIOGbJzG6Q+Dixj7OpbZkuZHbgib6aTUxri/wypNxXReirGNR8Zr/9yFQYdJavOJeC5ja8QnTtDMI7cUCUgR8N6GiLb2H+at7H1tmaqqQ7XY/Na4fMCOZSAMww0+0F9u+hPO5EpQmmXNyE9z2YC99jq6xTHPazgbnOQty7cLW75eJT/4LWAGkZf3Y5Wu8cWD3uld2JPzCOtDLhJfq/L1UVHpt0luT1YLwvPU2fXXkFpf7rG1aSg3SjsxEfMtDKf5GrglW/dJbb07Af3Er7BipvdZXb9mD4Hnce7CDdEdipyreOKkxlxi0h0Jzllxc= unedotamps@mylaptop\n    sudo: ALL=(ALL) NOPASSWD:ALL\n    groups: sudo\n    shell: /bin/bash\n    lock_passwd: false\n","vars":null},"sensitive_attributes":[]}]},{"mode":"managed","type":"libvirt_cloudinit_disk","name":"commoninit","provider":"provider[\"registry.opentofu.org/dmacvicar/libvirt\"]","instances":[{"schema_version":0,"attributes":{"id":"/var/lib/libvirt/images/commoninit50.iso;ee53e06a-f4a4-4a1b-8e46-c6a1dce0016b","meta_data":"","name":"commoninit50.iso","network_config":"version: 2\nethernets:\n  ens3:\n    dhcp4: true\n","pool":"default","user_data":"#cloud-config\nssh_pwauth: true\nchpasswd:\n  list: |\n    root:linux\n    ubuntu:pass\n  expire: false\nusers:\n  - name: ubuntu\n    ssh_authorized_keys:\n      - ssh-rsa AAAAB3NzaC1yc2EAAAADAQABAAABgQC2zDKRBgNuHU1lAR0SqW3kUpOWjC3X3FDD9OoLIA1fSaQ8aXMsLYC7VtD1MNczV+IFSSrxHSLcdhk66FpLWwPUrFni3+qjfq9E8C4QzKsIOhodXVl+JVY8i4oRdRQPkcNVMQ78U4p6zTnK7VK6zShUnCK8CCiYxX73iS4MWm6YxGtbaaWUpycMva/SLBhK3Twb8rdIOGbJzG6Q+Dixj7OpbZkuZHbgib6aTUxri/wypNxXReirGNR8Zr/9yFQYdJavOJeC5ja8QnTtDMI7cUCUgR8N6GiLb2H+at7H1tmaqqQ7XY/Na4fMCOZSAMww0+0F9u+hPO5EpQmmXNyE9z2YC99jq6xTHPazgbnOQty7cLW75eJT/4LWAGkZf3Y5Wu8cWD3uld2JPzCOtDLhJfq/L1UVHpt0luT1YLwvPU2fXXkFpf7rG1aSg3SjsxEfMtDKf5GrglW/dJbb07Af3Er7BipvdZXb9mD4Hnce7CDdEdipyreOKkxlxi0h0Jzllxc= unedotamps@mylaptop\n    sudo: ALL=(ALL) NOPASSWD:ALL\n    groups: sudo\n    shell: /bin/bash\n    lock_passwd: false\n"},"sensitive_attributes":[],"private":"bnVsbA==","dependencies":["data.template_file.network-config","data.template_file.user_data"]}]},{"mode":"managed","type":"libvirt_domain","name":"vm","provider":"provider[\"registry.opentofu.org/dmacvicar/libvirt\"]","instances":[{"schema_version":0,"attributes":{"arch":"x86_64","autostart":false,"boot_device":[],"cloudinit":"/var/lib/libvirt/images/commoninit50.iso;ee53e06a-f4a4-4a1b-8e46-c6a1dce0016b","cmdline":null,"console":[{"source_host":"127.0.0.1","source_path":"","source_service":"0","target_port":"0","target_type":"serial","type":"pty"}],"coreos_ignition":null,"cpu":[{"mode":"custom"}],"description":"","disk":[{"block_device":"","file":"","scsi":false,"url":"","volume_id":"/var/lib/libvirt/images/vm-disk24.qcow2","wwn":""}],"emulator":"/usr/bin/qemu-system-x86_64","filesystem":[],"firmware":null,"fw_cfg_name":"opt/com.coreos/config","graphics":[],"id":"cb6483d7-f8ae-4e58-be64-008db9b2329b","initrd":"","kernel":"","machine":"pc","memory":1024,"metadata":null,"name":"db_vm10","network_interface":[{"addresses":["192.168.122.135"],"bridge":"","hostname":"","mac":"52:54:00:56:6A:A4","macvtap":"","network_id":"f2b086ec-4e2c-42e6-a7a7-e6d1a2dd2e86","network_name":"default","passthrough":"","vepa":"","wait_for_lease":true}],"nvram":null,"qemu_agent":false,"running":true,"timeouts":null,"tpm":[],"type":"kvm","vcpu":1,"video":[],"xml":[]},"sensitive_attributes":[],"private":"eyJlMmJmYjczMC1lY2FhLTExZTYtOGY4OC0zNDM2M2JjN2M0YzAiOnsiY3JlYXRlIjozMDAwMDAwMDAwMDB9fQ==","dependencies":["data.template_file.network-config","data.template_file.user_data","libvirt_cloudinit_disk.commoninit","libvirt_volume.vm_disk"]}]},{"mode":"managed","type":"libvirt_volume","name":"vm_disk","provider":"provider[\"registry.opentofu.org/dmacvicar/libvirt\"]","instances":[{"schema_version":0,"attributes":{"base_volume_id":null,"base_volume_name":null,"base_volume_pool":null,"format":"qcow2","id":"/var/lib/libvirt/images/vm-disk24.qcow2","name":"vm-disk24.qcow2","pool":"default","size":2361393152,"source":"./base-image.qcow2","xml":[]},"sensitive_attributes":[],"private":"bnVsbA=="}]}],"check_results":null}
